// !$*UTF8*$!
{
	archiveVersion = 1;
	classes = {
	};
	objectVersion = 48;
	objects = {

/* Begin PBXBuildFile section */
		AB48C9D21EE6EBF300089D60 /* AppDelegate.swift in Sources */ = {isa = PBXBuildFile; fileRef = AB48C9D11EE6EBF300089D60 /* AppDelegate.swift */; };
		AB48C9D41EE6EBF300089D60 /* ViewController.swift in Sources */ = {isa = PBXBuildFile; fileRef = AB48C9D31EE6EBF300089D60 /* ViewController.swift */; };
		AB48C9D71EE6EBF300089D60 /* Main.storyboard in Resources */ = {isa = PBXBuildFile; fileRef = AB48C9D51EE6EBF300089D60 /* Main.storyboard */; };
		AB48C9D91EE6EBF300089D60 /* Assets.xcassets in Resources */ = {isa = PBXBuildFile; fileRef = AB48C9D81EE6EBF300089D60 /* Assets.xcassets */; };
		AB48C9DC1EE6EBF300089D60 /* LaunchScreen.storyboard in Resources */ = {isa = PBXBuildFile; fileRef = AB48C9DA1EE6EBF300089D60 /* LaunchScreen.storyboard */; };
		AB48C9E71EE6EBF300089D60 /* iOS11FeaturesDemoTests.swift in Sources */ = {isa = PBXBuildFile; fileRef = AB48C9E61EE6EBF300089D60 /* iOS11FeaturesDemoTests.swift */; };
		AB48C9F21EE6EBF300089D60 /* iOS11FeaturesDemoUITests.swift in Sources */ = {isa = PBXBuildFile; fileRef = AB48C9F11EE6EBF300089D60 /* iOS11FeaturesDemoUITests.swift */; };
/* End PBXBuildFile section */

/* Begin PBXContainerItemProxy section */
		AB48C9E31EE6EBF300089D60 /* PBXContainerItemProxy */ = {
			isa = PBXContainerItemProxy;
			containerPortal = AB48C9C61EE6EBF300089D60 /* Project object */;
			proxyType = 1;
			remoteGlobalIDString = AB48C9CD1EE6EBF300089D60;
			remoteInfo = iOS11FeaturesDemo;
		};
		AB48C9EE1EE6EBF300089D60 /* PBXContainerItemProxy */ = {
			isa = PBXContainerItemProxy;
			containerPortal = AB48C9C61EE6EBF300089D60 /* Project object */;
			proxyType = 1;
			remoteGlobalIDString = AB48C9CD1EE6EBF300089D60;
			remoteInfo = iOS11FeaturesDemo;
		};
/* End PBXContainerItemProxy section */

/* Begin PBXFileReference section */
		AB48C9CE1EE6EBF300089D60 /* iOS11FeaturesDemo.app */ = {isa = PBXFileReference; explicitFileType = wrapper.application; includeInIndex = 0; path = iOS11FeaturesDemo.app; sourceTree = BUILT_PRODUCTS_DIR; };
		AB48C9D11EE6EBF300089D60 /* AppDelegate.swift */ = {isa = PBXFileReference; lastKnownFileType = sourcecode.swift; path = AppDelegate.swift; sourceTree = "<group>"; };
		AB48C9D31EE6EBF300089D60 /* ViewController.swift */ = {isa = PBXFileReference; lastKnownFileType = sourcecode.swift; path = ViewController.swift; sourceTree = "<group>"; };
		AB48C9D61EE6EBF300089D60 /* Base */ = {isa = PBXFileReference; lastKnownFileType = file.storyboard; name = Base; path = Base.lproj/Main.storyboard; sourceTree = "<group>"; };
		AB48C9D81EE6EBF300089D60 /* Assets.xcassets */ = {isa = PBXFileReference; lastKnownFileType = folder.assetcatalog; path = Assets.xcassets; sourceTree = "<group>"; };
		AB48C9DB1EE6EBF300089D60 /* Base */ = {isa = PBXFileReference; lastKnownFileType = file.storyboard; name = Base; path = Base.lproj/LaunchScreen.storyboard; sourceTree = "<group>"; };
		AB48C9DD1EE6EBF300089D60 /* Info.plist */ = {isa = PBXFileReference; lastKnownFileType = text.plist.xml; path = Info.plist; sourceTree = "<group>"; };
		AB48C9E21EE6EBF300089D60 /* iOS11FeaturesDemoTests.xctest */ = {isa = PBXFileReference; explicitFileType = wrapper.cfbundle; includeInIndex = 0; path = iOS11FeaturesDemoTests.xctest; sourceTree = BUILT_PRODUCTS_DIR; };
		AB48C9E61EE6EBF300089D60 /* iOS11FeaturesDemoTests.swift */ = {isa = PBXFileReference; lastKnownFileType = sourcecode.swift; path = iOS11FeaturesDemoTests.swift; sourceTree = "<group>"; };
		AB48C9E81EE6EBF300089D60 /* Info.plist */ = {isa = PBXFileReference; lastKnownFileType = text.plist.xml; path = Info.plist; sourceTree = "<group>"; };
		AB48C9ED1EE6EBF300089D60 /* iOS11FeaturesDemoUITests.xctest */ = {isa = PBXFileReference; explicitFileType = wrapper.cfbundle; includeInIndex = 0; path = iOS11FeaturesDemoUITests.xctest; sourceTree = BUILT_PRODUCTS_DIR; };
		AB48C9F11EE6EBF300089D60 /* iOS11FeaturesDemoUITests.swift */ = {isa = PBXFileReference; lastKnownFileType = sourcecode.swift; path = iOS11FeaturesDemoUITests.swift; sourceTree = "<group>"; };
		AB48C9F31EE6EBF300089D60 /* Info.plist */ = {isa = PBXFileReference; lastKnownFileType = text.plist.xml; path = Info.plist; sourceTree = "<group>"; };
/* End PBXFileReference section */

/* Begin PBXFrameworksBuildPhase section */
		AB48C9CB1EE6EBF300089D60 /* Frameworks */ = {
			isa = PBXFrameworksBuildPhase;
			buildActionMask = 2147483647;
			files = (
			);
			runOnlyForDeploymentPostprocessing = 0;
		};
		AB48C9DF1EE6EBF300089D60 /* Frameworks */ = {
			isa = PBXFrameworksBuildPhase;
			buildActionMask = 2147483647;
			files = (
			);
			runOnlyForDeploymentPostprocessing = 0;
		};
		AB48C9EA1EE6EBF300089D60 /* Frameworks */ = {
			isa = PBXFrameworksBuildPhase;
			buildActionMask = 2147483647;
			files = (
			);
			runOnlyForDeploymentPostprocessing = 0;
		};
/* End PBXFrameworksBuildPhase section */

/* Begin PBXGroup section */
		AB48C9C51EE6EBF300089D60 = {
			isa = PBXGroup;
			children = (
				AB48C9D01EE6EBF300089D60 /* iOS11FeaturesDemo */,
				AB48C9E51EE6EBF300089D60 /* iOS11FeaturesDemoTests */,
				AB48C9F01EE6EBF300089D60 /* iOS11FeaturesDemoUITests */,
				AB48C9CF1EE6EBF300089D60 /* Products */,
			);
			sourceTree = "<group>";
		};
		AB48C9CF1EE6EBF300089D60 /* Products */ = {
			isa = PBXGroup;
			children = (
				AB48C9CE1EE6EBF300089D60 /* iOS11FeaturesDemo.app */,
				AB48C9E21EE6EBF300089D60 /* iOS11FeaturesDemoTests.xctest */,
				AB48C9ED1EE6EBF300089D60 /* iOS11FeaturesDemoUITests.xctest */,
			);
			name = Products;
			sourceTree = "<group>";
		};
		AB48C9D01EE6EBF300089D60 /* iOS11FeaturesDemo */ = {
			isa = PBXGroup;
			children = (
				AB48C9D11EE6EBF300089D60 /* AppDelegate.swift */,
				AB48C9D31EE6EBF300089D60 /* ViewController.swift */,
				AB48C9D51EE6EBF300089D60 /* Main.storyboard */,
				AB48C9D81EE6EBF300089D60 /* Assets.xcassets */,
				AB48C9DA1EE6EBF300089D60 /* LaunchScreen.storyboard */,
				AB48C9DD1EE6EBF300089D60 /* Info.plist */,
			);
			path = iOS11FeaturesDemo;
			sourceTree = "<group>";
		};
		AB48C9E51EE6EBF300089D60 /* iOS11FeaturesDemoTests */ = {
			isa = PBXGroup;
			children = (
				AB48C9E61EE6EBF300089D60 /* iOS11FeaturesDemoTests.swift */,
				AB48C9E81EE6EBF300089D60 /* Info.plist */,
			);
			path = iOS11FeaturesDemoTests;
			sourceTree = "<group>";
		};
		AB48C9F01EE6EBF300089D60 /* iOS11FeaturesDemoUITests */ = {
			isa = PBXGroup;
			children = (
				AB48C9F11EE6EBF300089D60 /* iOS11FeaturesDemoUITests.swift */,
				AB48C9F31EE6EBF300089D60 /* Info.plist */,
			);
			path = iOS11FeaturesDemoUITests;
			sourceTree = "<group>";
		};
/* End PBXGroup section */

/* Begin PBXNativeTarget section */
		AB48C9CD1EE6EBF300089D60 /* iOS11FeaturesDemo */ = {
			isa = PBXNativeTarget;
			buildConfigurationList = AB48C9F61EE6EBF300089D60 /* Build configuration list for PBXNativeTarget "iOS11FeaturesDemo" */;
			buildPhases = (
				AB48C9CA1EE6EBF300089D60 /* Sources */,
				AB48C9CB1EE6EBF300089D60 /* Frameworks */,
				AB48C9CC1EE6EBF300089D60 /* Resources */,
			);
			buildRules = (
			);
			dependencies = (
			);
			name = iOS11FeaturesDemo;
			productName = iOS11FeaturesDemo;
			productReference = AB48C9CE1EE6EBF300089D60 /* iOS11FeaturesDemo.app */;
			productType = "com.apple.product-type.application";
		};
		AB48C9E11EE6EBF300089D60 /* iOS11FeaturesDemoTests */ = {
			isa = PBXNativeTarget;
			buildConfigurationList = AB48C9F91EE6EBF300089D60 /* Build configuration list for PBXNativeTarget "iOS11FeaturesDemoTests" */;
			buildPhases = (
				AB48C9DE1EE6EBF300089D60 /* Sources */,
				AB48C9DF1EE6EBF300089D60 /* Frameworks */,
				AB48C9E01EE6EBF300089D60 /* Resources */,
			);
			buildRules = (
			);
			dependencies = (
				AB48C9E41EE6EBF300089D60 /* PBXTargetDependency */,
			);
			name = iOS11FeaturesDemoTests;
			productName = iOS11FeaturesDemoTests;
			productReference = AB48C9E21EE6EBF300089D60 /* iOS11FeaturesDemoTests.xctest */;
			productType = "com.apple.product-type.bundle.unit-test";
		};
		AB48C9EC1EE6EBF300089D60 /* iOS11FeaturesDemoUITests */ = {
			isa = PBXNativeTarget;
			buildConfigurationList = AB48C9FC1EE6EBF300089D60 /* Build configuration list for PBXNativeTarget "iOS11FeaturesDemoUITests" */;
			buildPhases = (
				AB48C9E91EE6EBF300089D60 /* Sources */,
				AB48C9EA1EE6EBF300089D60 /* Frameworks */,
				AB48C9EB1EE6EBF300089D60 /* Resources */,
			);
			buildRules = (
			);
			dependencies = (
				AB48C9EF1EE6EBF300089D60 /* PBXTargetDependency */,
			);
			name = iOS11FeaturesDemoUITests;
			productName = iOS11FeaturesDemoUITests;
			productReference = AB48C9ED1EE6EBF300089D60 /* iOS11FeaturesDemoUITests.xctest */;
			productType = "com.apple.product-type.bundle.ui-testing";
		};
/* End PBXNativeTarget section */

/* Begin PBXProject section */
		AB48C9C61EE6EBF300089D60 /* Project object */ = {
			isa = PBXProject;
			attributes = {
				LastSwiftUpdateCheck = 0900;
				LastUpgradeCheck = 0900;
				ORGANIZATIONNAME = Satheeshwaran;
				TargetAttributes = {
					AB48C9CD1EE6EBF300089D60 = {
						CreatedOnToolsVersion = 9.0;
					};
					AB48C9E11EE6EBF300089D60 = {
						CreatedOnToolsVersion = 9.0;
						TestTargetID = AB48C9CD1EE6EBF300089D60;
					};
					AB48C9EC1EE6EBF300089D60 = {
						CreatedOnToolsVersion = 9.0;
						TestTargetID = AB48C9CD1EE6EBF300089D60;
					};
				};
			};
			buildConfigurationList = AB48C9C91EE6EBF300089D60 /* Build configuration list for PBXProject "iOS11FeaturesDemo" */;
			compatibilityVersion = "Xcode 8.0";
			developmentRegion = en;
			hasScannedForEncodings = 0;
			knownRegions = (
				en,
				Base,
			);
			mainGroup = AB48C9C51EE6EBF300089D60;
			productRefGroup = AB48C9CF1EE6EBF300089D60 /* Products */;
			projectDirPath = "";
			projectRoot = "";
			targets = (
				AB48C9CD1EE6EBF300089D60 /* iOS11FeaturesDemo */,
				AB48C9E11EE6EBF300089D60 /* iOS11FeaturesDemoTests */,
				AB48C9EC1EE6EBF300089D60 /* iOS11FeaturesDemoUITests */,
			);
		};
/* End PBXProject section */

/* Begin PBXResourcesBuildPhase section */
		AB48C9CC1EE6EBF300089D60 /* Resources */ = {
			isa = PBXResourcesBuildPhase;
			buildActionMask = 2147483647;
			files = (
				AB48C9DC1EE6EBF300089D60 /* LaunchScreen.storyboard in Resources */,
				AB48C9D91EE6EBF300089D60 /* Assets.xcassets in Resources */,
				AB48C9D71EE6EBF300089D60 /* Main.storyboard in Resources */,
			);
			runOnlyForDeploymentPostprocessing = 0;
		};
		AB48C9E01EE6EBF300089D60 /* Resources */ = {
			isa = PBXResourcesBuildPhase;
			buildActionMask = 2147483647;
			files = (
			);
			runOnlyForDeploymentPostprocessing = 0;
		};
		AB48C9EB1EE6EBF300089D60 /* Resources */ = {
			isa = PBXResourcesBuildPhase;
			buildActionMask = 2147483647;
			files = (
			);
			runOnlyForDeploymentPostprocessing = 0;
		};
/* End PBXResourcesBuildPhase section */

/* Begin PBXSourcesBuildPhase section */
		AB48C9CA1EE6EBF300089D60 /* Sources */ = {
			isa = PBXSourcesBuildPhase;
			buildActionMask = 2147483647;
			files = (
				AB48C9D41EE6EBF300089D60 /* ViewController.swift in Sources */,
				AB48C9D21EE6EBF300089D60 /* AppDelegate.swift in Sources */,
			);
			runOnlyForDeploymentPostprocessing = 0;
		};
		AB48C9DE1EE6EBF300089D60 /* Sources */ = {
			isa = PBXSourcesBuildPhase;
			buildActionMask = 2147483647;
			files = (
				AB48C9E71EE6EBF300089D60 /* iOS11FeaturesDemoTests.swift in Sources */,
			);
			runOnlyForDeploymentPostprocessing = 0;
		};
		AB48C9E91EE6EBF300089D60 /* Sources */ = {
			isa = PBXSourcesBuildPhase;
			buildActionMask = 2147483647;
			files = (
				AB48C9F21EE6EBF300089D60 /* iOS11FeaturesDemoUITests.swift in Sources */,
			);
			runOnlyForDeploymentPostprocessing = 0;
		};
/* End PBXSourcesBuildPhase section */

/* Begin PBXTargetDependency section */
		AB48C9E41EE6EBF300089D60 /* PBXTargetDependency */ = {
			isa = PBXTargetDependency;
			target = AB48C9CD1EE6EBF300089D60 /* iOS11FeaturesDemo */;
			targetProxy = AB48C9E31EE6EBF300089D60 /* PBXContainerItemProxy */;
		};
		AB48C9EF1EE6EBF300089D60 /* PBXTargetDependency */ = {
			isa = PBXTargetDependency;
			target = AB48C9CD1EE6EBF300089D60 /* iOS11FeaturesDemo */;
			targetProxy = AB48C9EE1EE6EBF300089D60 /* PBXContainerItemProxy */;
		};
/* End PBXTargetDependency section */

/* Begin PBXVariantGroup section */
		AB48C9D51EE6EBF300089D60 /* Main.storyboard */ = {
			isa = PBXVariantGroup;
			children = (
				AB48C9D61EE6EBF300089D60 /* Base */,
			);
			name = Main.storyboard;
			sourceTree = "<group>";
		};
		AB48C9DA1EE6EBF300089D60 /* LaunchScreen.storyboard */ = {
			isa = PBXVariantGroup;
			children = (
				AB48C9DB1EE6EBF300089D60 /* Base */,
			);
			name = LaunchScreen.storyboard;
			sourceTree = "<group>";
		};
/* End PBXVariantGroup section */

/* Begin XCBuildConfiguration section */
		AB48C9F41EE6EBF300089D60 /* Debug */ = {
			isa = XCBuildConfiguration;
			buildSettings = {
				ALWAYS_SEARCH_USER_PATHS = NO;
				CLANG_ANALYZER_NONNULL = YES;
				CLANG_ANALYZER_NUMBER_OBJECT_CONVERSION = YES_AGGRESSIVE;
				CLANG_CXX_LANGUAGE_STANDARD = "gnu++14";
				CLANG_CXX_LIBRARY = "libc++";
				CLANG_ENABLE_MODULES = YES;
				CLANG_ENABLE_OBJC_ARC = YES;
				CLANG_WARN_BLOCK_CAPTURE_AUTORELEASING = YES;
				CLANG_WARN_BOOL_CONVERSION = YES;
				CLANG_WARN_COMMA = YES;
				CLANG_WARN_CONSTANT_CONVERSION = YES;
				CLANG_WARN_DIRECT_OBJC_ISA_USAGE = YES_ERROR;
				CLANG_WARN_DOCUMENTATION_COMMENTS = YES;
				CLANG_WARN_EMPTY_BODY = YES;
				CLANG_WARN_ENUM_CONVERSION = YES;
				CLANG_WARN_INFINITE_RECURSION = YES;
				CLANG_WARN_INT_CONVERSION = YES;
				CLANG_WARN_OBJC_ROOT_CLASS = YES_ERROR;
				CLANG_WARN_RANGE_LOOP_ANALYSIS = YES;
				CLANG_WARN_STRICT_PROTOTYPES = YES;
				CLANG_WARN_SUSPICIOUS_MOVE = YES;
				CLANG_WARN_UNGUARDED_AVAILABILITY = YES_AGGRESSIVE;
				CLANG_WARN_UNREACHABLE_CODE = YES;
				CLANG_WARN__DUPLICATE_METHOD_MATCH = YES;
				CODE_SIGN_IDENTITY = "iPhone Developer";
				COPY_PHASE_STRIP = NO;
				DEBUG_INFORMATION_FORMAT = dwarf;
				ENABLE_STRICT_OBJC_MSGSEND = YES;
				ENABLE_TESTABILITY = YES;
				GCC_C_LANGUAGE_STANDARD = gnu11;
				GCC_DYNAMIC_NO_PIC = NO;
				GCC_NO_COMMON_BLOCKS = YES;
				GCC_OPTIMIZATION_LEVEL = 0;
				GCC_PREPROCESSOR_DEFINITIONS = (
					"DEBUG=1",
					"$(inherited)",
				);
				GCC_WARN_64_TO_32_BIT_CONVERSION = YES;
				GCC_WARN_ABOUT_RETURN_TYPE = YES_ERROR;
				GCC_WARN_UNDECLARED_SELECTOR = YES;
				GCC_WARN_UNINITIALIZED_AUTOS = YES_AGGRESSIVE;
				GCC_WARN_UNUSED_FUNCTION = YES;
				GCC_WARN_UNUSED_VARIABLE = YES;
				IPHONEOS_DEPLOYMENT_TARGET = 11.0;
				MTL_ENABLE_DEBUG_INFO = YES;
				ONLY_ACTIVE_ARCH = YES;
				SDKROOT = iphoneos;
				SWIFT_ACTIVE_COMPILATION_CONDITIONS = DEBUG;
				SWIFT_OPTIMIZATION_LEVEL = "-Onone";
			};
			name = Debug;
		};
		AB48C9F51EE6EBF300089D60 /* Release */ = {
			isa = XCBuildConfiguration;
			buildSettings = {
				ALWAYS_SEARCH_USER_PATHS = NO;
				CLANG_ANALYZER_NONNULL = YES;
				CLANG_ANALYZER_NUMBER_OBJECT_CONVERSION = YES_AGGRESSIVE;
				CLANG_CXX_LANGUAGE_STANDARD = "gnu++14";
				CLANG_CXX_LIBRARY = "libc++";
				CLANG_ENABLE_MODULES = YES;
				CLANG_ENABLE_OBJC_ARC = YES;
				CLANG_WARN_BLOCK_CAPTURE_AUTORELEASING = YES;
				CLANG_WARN_BOOL_CONVERSION = YES;
				CLANG_WARN_COMMA = YES;
				CLANG_WARN_CONSTANT_CONVERSION = YES;
				CLANG_WARN_DIRECT_OBJC_ISA_USAGE = YES_ERROR;
				CLANG_WARN_DOCUMENTATION_COMMENTS = YES;
				CLANG_WARN_EMPTY_BODY = YES;
				CLANG_WARN_ENUM_CONVERSION = YES;
				CLANG_WARN_INFINITE_RECURSION = YES;
				CLANG_WARN_INT_CONVERSION = YES;
				CLANG_WARN_OBJC_ROOT_CLASS = YES_ERROR;
				CLANG_WARN_RANGE_LOOP_ANALYSIS = YES;
				CLANG_WARN_STRICT_PROTOTYPES = YES;
				CLANG_WARN_SUSPICIOUS_MOVE = YES;
				CLANG_WARN_UNGUARDED_AVAILABILITY = YES_AGGRESSIVE;
				CLANG_WARN_UNREACHABLE_CODE = YES;
				CLANG_WARN__DUPLICATE_METHOD_MATCH = YES;
				CODE_SIGN_IDENTITY = "iPhone Developer";
				COPY_PHASE_STRIP = NO;
				DEBUG_INFORMATION_FORMAT = "dwarf-with-dsym";
				ENABLE_NS_ASSERTIONS = NO;
				ENABLE_STRICT_OBJC_MSGSEND = YES;
				GCC_C_LANGUAGE_STANDARD = gnu11;
				GCC_NO_COMMON_BLOCKS = YES;
				GCC_WARN_64_TO_32_BIT_CONVERSION = YES;
				GCC_WARN_ABOUT_RETURN_TYPE = YES_ERROR;
				GCC_WARN_UNDECLARED_SELECTOR = YES;
				GCC_WARN_UNINITIALIZED_AUTOS = YES_AGGRESSIVE;
				GCC_WARN_UNUSED_FUNCTION = YES;
				GCC_WARN_UNUSED_VARIABLE = YES;
				IPHONEOS_DEPLOYMENT_TARGET = 11.0;
				MTL_ENABLE_DEBUG_INFO = NO;
				SDKROOT = iphoneos;
				SWIFT_OPTIMIZATION_LEVEL = "-Owholemodule";
				VALIDATE_PRODUCT = YES;
			};
			name = Release;
		};
		AB48C9F71EE6EBF300089D60 /* Debug */ = {
			isa = XCBuildConfiguration;
			buildSettings = {
				ASSETCATALOG_COMPILER_APPICON_NAME = AppIcon;
				DEVELOPMENT_TEAM = 3USRSNY524;
				INFOPLIST_FILE = iOS11FeaturesDemo/Info.plist;
				LD_RUNPATH_SEARCH_PATHS = "$(inherited) @executable_path/Frameworks";
				PRODUCT_BUNDLE_IDENTIFIER = com.example.iOS11FeaturesDemo;
				PRODUCT_NAME = "$(TARGET_NAME)";
				SWIFT_VERSION = 4.0;
				TARGETED_DEVICE_FAMILY = "1,2";
			};
			name = Debug;
		};
		AB48C9F81EE6EBF300089D60 /* Release */ = {
			isa = XCBuildConfiguration;
			buildSettings = {
				ASSETCATALOG_COMPILER_APPICON_NAME = AppIcon;
				DEVELOPMENT_TEAM = 3USRSNY524;
				INFOPLIST_FILE = iOS11FeaturesDemo/Info.plist;
				LD_RUNPATH_SEARCH_PATHS = "$(inherited) @executable_path/Frameworks";
				PRODUCT_BUNDLE_IDENTIFIER = com.example.iOS11FeaturesDemo;
				PRODUCT_NAME = "$(TARGET_NAME)";
				SWIFT_VERSION = 4.0;
				TARGETED_DEVICE_FAMILY = "1,2";
			};
			name = Release;
		};
		AB48C9FA1EE6EBF300089D60 /* Debug */ = {
			isa = XCBuildConfiguration;
			buildSettings = {
				ALWAYS_EMBED_SWIFT_STANDARD_LIBRARIES = YES;
				BUNDLE_LOADER = "$(TEST_HOST)";
				DEVELOPMENT_TEAM = 3USRSNY524;
				INFOPLIST_FILE = iOS11FeaturesDemoTests/Info.plist;
				LD_RUNPATH_SEARCH_PATHS = "$(inherited) @executable_path/Frameworks @loader_path/Frameworks";
				PRODUCT_BUNDLE_IDENTIFIER = com.example.iOS11FeaturesDemoTests;
				PRODUCT_NAME = "$(TARGET_NAME)";
				SWIFT_VERSION = 4.0;
				TARGETED_DEVICE_FAMILY = "1,2";
				TEST_HOST = "$(BUILT_PRODUCTS_DIR)/iOS11FeaturesDemo.app/iOS11FeaturesDemo";
			};
			name = Debug;
		};
		AB48C9FB1EE6EBF300089D60 /* Release */ = {
			isa = XCBuildConfiguration;
			buildSettings = {
				ALWAYS_EMBED_SWIFT_STANDARD_LIBRARIES = YES;
				BUNDLE_LOADER = "$(TEST_HOST)";
				DEVELOPMENT_TEAM = 3USRSNY524;
				INFOPLIST_FILE = iOS11FeaturesDemoTests/Info.plist;
				LD_RUNPATH_SEARCH_PATHS = "$(inherited) @executable_path/Frameworks @loader_path/Frameworks";
				PRODUCT_BUNDLE_IDENTIFIER = com.example.iOS11FeaturesDemoTests;
				PRODUCT_NAME = "$(TARGET_NAME)";
				SWIFT_VERSION = 4.0;
				TARGETED_DEVICE_FAMILY = "1,2";
				TEST_HOST = "$(BUILT_PRODUCTS_DIR)/iOS11FeaturesDemo.app/iOS11FeaturesDemo";
			};
			name = Release;
		};
		AB48C9FD1EE6EBF300089D60 /* Debug */ = {
			isa = XCBuildConfiguration;
			buildSettings = {
				ALWAYS_EMBED_SWIFT_STANDARD_LIBRARIES = YES;
				DEVELOPMENT_TEAM = 3USRSNY524;
				INFOPLIST_FILE = iOS11FeaturesDemoUITests/Info.plist;
				LD_RUNPATH_SEARCH_PATHS = "$(inherited) @executable_path/Frameworks @loader_path/Frameworks";
				PRODUCT_BUNDLE_IDENTIFIER = com.example.iOS11FeaturesDemoUITests;
				PRODUCT_NAME = "$(TARGET_NAME)";
				SWIFT_VERSION = 4.0;
				TARGETED_DEVICE_FAMILY = "1,2";
				TEST_TARGET_NAME = iOS11FeaturesDemo;
			};
			name = Debug;
		};
		AB48C9FE1EE6EBF300089D60 /* Release */ = {
			isa = XCBuildConfiguration;
			buildSettings = {
				ALWAYS_EMBED_SWIFT_STANDARD_LIBRARIES = YES;
				DEVELOPMENT_TEAM = 3USRSNY524;
				INFOPLIST_FILE = iOS11FeaturesDemoUITests/Info.plist;
				LD_RUNPATH_SEARCH_PATHS = "$(inherited) @executable_path/Frameworks @loader_path/Frameworks";
				PRODUCT_BUNDLE_IDENTIFIER = com.example.iOS11FeaturesDemoUITests;
				PRODUCT_NAME = "$(TARGET_NAME)";
				SWIFT_VERSION = 4.0;
				TARGETED_DEVICE_FAMILY = "1,2";
				TEST_TARGET_NAME = iOS11FeaturesDemo;
			};
			name = Release;
		};
/* End XCBuildConfiguration section */

/* Begin XCConfigurationList section */
		AB48C9C91EE6EBF300089D60 /* Build configuration list for PBXProject "iOS11FeaturesDemo" */ = {
			isa = XCConfigurationList;
			buildConfigurations = (
				AB48C9F41EE6EBF300089D60 /* Debug */,
				AB48C9F51EE6EBF300089D60 /* Release */,
			);
			defaultConfigurationIsVisible = 0;
			defaultConfigurationName = Release;
		};
		AB48C9F61EE6EBF300089D60 /* Build configuration list for PBXNativeTarget "iOS11FeaturesDemo" */ = {
			isa = XCConfigurationList;
			buildConfigurations = (
				AB48C9F71EE6EBF300089D60 /* Debug */,
				AB48C9F81EE6EBF300089D60 /* Release */,
			);
			defaultConfigurationIsVisible = 0;
		};
		AB48C9F91EE6EBF300089D60 /* Build configuration list for PBXNativeTarget "iOS11FeaturesDemoTests" */ = {
			isa = XCConfigurationList;
			buildConfigurations = (
				AB48C9FA1EE6EBF300089D60 /* Debug */,
				AB48C9FB1EE6EBF300089D60 /* Release */,
			);
			defaultConfigurationIsVisible = 0;
		};
		AB48C9FC1EE6EBF300089D60 /* Build configuration list for PBXNativeTarget "iOS11FeaturesDemoUITests" */ = {
			isa = XCConfigurationList;
			buildConfigurations = (
				AB48C9FD1EE6EBF300089D60 /* Debug */,
				AB48C9FE1EE6EBF300089D60 /* Release */,
			);
			defaultConfigurationIsVisible = 0;
		};
/* End XCConfigurationList section */
	};
	rootObject = AB48C9C61EE6EBF300089D60 /* Project object */;
}
